
Microsoft Visual Studio Solution File, Format Version 12.00
# Visual Studio Version 17
VisualStudioVersion = 17.14.36327.8 d17.14
MinimumVisualStudioVersion = 10.0.40219.1
Project("{FAE04EC0-301F-11D3-BF4B-00C04F79EFBC}") = "utorial6Ex2", "utorial6Ex2\utorial6Ex2.csproj", "{F61FCE35-2D15-4F14-A778-0CFB4F4CA4BD}"
EndProject
Global
	GlobalSection(SolutionConfigurationPlatforms) = preSolution
		Debug|Any CPU = Debug|Any CPU
		Release|Any CPU = Release|Any CPU
	EndGlobalSection
	GlobalSection(ProjectConfigurationPlatforms) = postSolution
		{F61FCE35-2D15-4F14-A778-0CFB4F4CA4BD}.Debug|Any CPU.ActiveCfg = Debug|Any CPU
		{F61FCE35-2D15-4F14-A778-0CFB4F4CA4BD}.Debug|Any CPU.Build.0 = Debug|Any CPU
		{F61FCE35-2D15-4F14-A778-0CFB4F4CA4BD}.Release|Any CPU.ActiveCfg = Release|Any CPU
		{F61FCE35-2D15-4F14-A778-0CFB4F4CA4BD}.Release|Any CPU.Build.0 = Release|Any CPU
	EndGlobalSection
	GlobalSection(SolutionProperties) = preSolution
		HideSolutionNode = FALSE
	EndGlobalSection
	GlobalSection(ExtensibilityGlobals) = postSolution
		SolutionGuid = {F9680AAA-567F-4CC8-A3F8-C1DD699A72C4}
	EndGlobalSection
EndGlobal
